
Microsoft Visual Studio Solution File, Format Version 12.00
# Visual Studio 15
VisualStudioVersion = 15.0.28010.2046
MinimumVisualStudioVersion = 10.0.40219.1
Project("{9A19103F-16F7-4668-BE54-9A1E7A4F7556}") = "Глава 1 - Задача 8", "Глава 1 - Задача 8\Глава 1 - Задача 8.csproj", "{37021B41-6B75-484D-AECE-070AF655C774}"
EndProject
Project("{9A19103F-16F7-4668-BE54-9A1E7A4F7556}") = "Глава 1 - Задача 9", "Глава 1 - Задача 9\Глава 1 - Задача 9.csproj", "{D7824D3C-0BBD-4352-8E5D-5DFB51ECD793}"
EndProject
Project("{9A19103F-16F7-4668-BE54-9A1E7A4F7556}") = "Глава 1 - Задача 10", "Глава 1 - Задача 10\Глава 1 - Задача 10.csproj", "{AE748567-7572-4F7F-9581-B46D99D138CE}"
EndProject
Project("{9A19103F-16F7-4668-BE54-9A1E7A4F7556}") = "Глава 1 - Задача 11", "Глава 1 - Задача 11\Глава 1 - Задача 11.csproj", "{3289E4E4-9FF5-4E01-98D5-A56633C42EEE}"
EndProject
Project("{9A19103F-16F7-4668-BE54-9A1E7A4F7556}") = "Глава 1 - Задача 5", "Глава 1 - Задача 5\Глава 1 - Задача 5.csproj", "{9157BCFC-041B-484A-A1AD-A8C011C82D0A}"
EndProject
Project("{9A19103F-16F7-4668-BE54-9A1E7A4F7556}") = "Глава 1 - Задача 6", "Глава 1 - Задача 6\Глава 1 - Задача 6.csproj", "{CDACE336-33B6-4159-914B-1054AECCB562}"
EndProject
Project("{9A19103F-16F7-4668-BE54-9A1E7A4F7556}") = "Глава 1 - Задача 7", "Глава 1 - Задача 7\Глава 1 - Задача 7.csproj", "{3C77452B-9B33-46D9-8CB1-7BC0F4AD96CB}"
EndProject
Global
	GlobalSection(SolutionConfigurationPlatforms) = preSolution
		Debug|Any CPU = Debug|Any CPU
		Release|Any CPU = Release|Any CPU
	EndGlobalSection
	GlobalSection(ProjectConfigurationPlatforms) = postSolution
		{37021B41-6B75-484D-AECE-070AF655C774}.Debug|Any CPU.ActiveCfg = Debug|Any CPU
		{37021B41-6B75-484D-AECE-070AF655C774}.Debug|Any CPU.Build.0 = Debug|Any CPU
		{37021B41-6B75-484D-AECE-070AF655C774}.Release|Any CPU.ActiveCfg = Release|Any CPU
		{37021B41-6B75-484D-AECE-070AF655C774}.Release|Any CPU.Build.0 = Release|Any CPU
		{D7824D3C-0BBD-4352-8E5D-5DFB51ECD793}.Debug|Any CPU.ActiveCfg = Debug|Any CPU
		{D7824D3C-0BBD-4352-8E5D-5DFB51ECD793}.Debug|Any CPU.Build.0 = Debug|Any CPU
		{D7824D3C-0BBD-4352-8E5D-5DFB51ECD793}.Release|Any CPU.ActiveCfg = Release|Any CPU
		{D7824D3C-0BBD-4352-8E5D-5DFB51ECD793}.Release|Any CPU.Build.0 = Release|Any CPU
		{AE748567-7572-4F7F-9581-B46D99D138CE}.Debug|Any CPU.ActiveCfg = Debug|Any CPU
		{AE748567-7572-4F7F-9581-B46D99D138CE}.Debug|Any CPU.Build.0 = Debug|Any CPU
		{AE748567-7572-4F7F-9581-B46D99D138CE}.Release|Any CPU.ActiveCfg = Release|Any CPU
		{AE748567-7572-4F7F-9581-B46D99D138CE}.Release|Any CPU.Build.0 = Release|Any CPU
		{3289E4E4-9FF5-4E01-98D5-A56633C42EEE}.Debug|Any CPU.ActiveCfg = Debug|Any CPU
		{3289E4E4-9FF5-4E01-98D5-A56633C42EEE}.Debug|Any CPU.Build.0 = Debug|Any CPU
		{3289E4E4-9FF5-4E01-98D5-A56633C42EEE}.Release|Any CPU.ActiveCfg = Release|Any CPU
		{3289E4E4-9FF5-4E01-98D5-A56633C42EEE}.Release|Any CPU.Build.0 = Release|Any CPU
		{9157BCFC-041B-484A-A1AD-A8C011C82D0A}.Debug|Any CPU.ActiveCfg = Debug|Any CPU
		{9157BCFC-041B-484A-A1AD-A8C011C82D0A}.Debug|Any CPU.Build.0 = Debug|Any CPU
		{9157BCFC-041B-484A-A1AD-A8C011C82D0A}.Release|Any CPU.ActiveCfg = Release|Any CPU
		{9157BCFC-041B-484A-A1AD-A8C011C82D0A}.Release|Any CPU.Build.0 = Release|Any CPU
		{CDACE336-33B6-4159-914B-1054AECCB562}.Debug|Any CPU.ActiveCfg = Debug|Any CPU
		{CDACE336-33B6-4159-914B-1054AECCB562}.Debug|Any CPU.Build.0 = Debug|Any CPU
		{CDACE336-33B6-4159-914B-1054AECCB562}.Release|Any CPU.ActiveCfg = Release|Any CPU
		{CDACE336-33B6-4159-914B-1054AECCB562}.Release|Any CPU.Build.0 = Release|Any CPU
		{3C77452B-9B33-46D9-8CB1-7BC0F4AD96CB}.Debug|Any CPU.ActiveCfg = Debug|Any CPU
		{3C77452B-9B33-46D9-8CB1-7BC0F4AD96CB}.Debug|Any CPU.Build.0 = Debug|Any CPU
		{3C77452B-9B33-46D9-8CB1-7BC0F4AD96CB}.Release|Any CPU.ActiveCfg = Release|Any CPU
		{3C77452B-9B33-46D9-8CB1-7BC0F4AD96CB}.Release|Any CPU.Build.0 = Release|Any CPU
	EndGlobalSection
	GlobalSection(SolutionProperties) = preSolution
		HideSolutionNode = FALSE
	EndGlobalSection
	GlobalSection(ExtensibilityGlobals) = postSolution
		SolutionGuid = {1AA4A84F-71B2-445D-904E-909C95149EB6}
	EndGlobalSection
EndGlobal
